// !$*UTF8*$!
{
	archiveVersion = 1;
	classes = {
	};
	objectVersion = 56;
	objects = {

/* Begin PBXBuildFile section */
		ACB2B0262AF1E30900DE649E /* AppDelegate.swift in Sources */ = {isa = PBXBuildFile; fileRef = ACB2B0252AF1E30900DE649E /* AppDelegate.swift */; };
		ACB2B0282AF1E30900DE649E /* SceneDelegate.swift in Sources */ = {isa = PBXBuildFile; fileRef = ACB2B0272AF1E30900DE649E /* SceneDelegate.swift */; };
		ACB2B02A2AF1E30900DE649E /* ViewController.swift in Sources */ = {isa = PBXBuildFile; fileRef = ACB2B0292AF1E30900DE649E /* ViewController.swift */; };
		ACB2B02D2AF1E30900DE649E /* Main.storyboard in Resources */ = {isa = PBXBuildFile; fileRef = ACB2B02B2AF1E30900DE649E /* Main.storyboard */; };
		ACB2B02F2AF1E30B00DE649E /* Assets.xcassets in Resources */ = {isa = PBXBuildFile; fileRef = ACB2B02E2AF1E30B00DE649E /* Assets.xcassets */; };
		ACB2B0322AF1E30B00DE649E /* LaunchScreen.storyboard in Resources */ = {isa = PBXBuildFile; fileRef = ACB2B0302AF1E30B00DE649E /* LaunchScreen.storyboard */; };
		ACB2B03C2AF23B5E00DE649E /* MyTableViewController.swift in Sources */ = {isa = PBXBuildFile; fileRef = ACB2B03B2AF23B5E00DE649E /* MyTableViewController.swift */; };
		ACB2B03E2AF23FF600DE649E /* DelegateViewController.swift in Sources */ = {isa = PBXBuildFile; fileRef = ACB2B03D2AF23FF600DE649E /* DelegateViewController.swift */; };
		ACC7D8892AF4B17C00C81217 /* orangeViewController.swift in Sources */ = {isa = PBXBuildFile; fileRef = ACC7D8882AF4B17C00C81217 /* orangeViewController.swift */; };
		ACC7D88B2AF4B1BF00C81217 /* GgreenViewController.swift in Sources */ = {isa = PBXBuildFile; fileRef = ACC7D88A2AF4B1BF00C81217 /* GgreenViewController.swift */; };
		ACC7D88D2AF4BB4400C81217 /* EleViewController.swift in Sources */ = {isa = PBXBuildFile; fileRef = ACC7D88C2AF4BB4400C81217 /* EleViewController.swift */; };
		ACC7D8902AF4D4CA00C81217 /* ProfileViewController.swift in Sources */ = {isa = PBXBuildFile; fileRef = ACC7D88F2AF4D4CA00C81217 /* ProfileViewController.swift */; };
		ACC7D8922AF4DA3D00C81217 /* ProfileDetailViewController.swift in Sources */ = {isa = PBXBuildFile; fileRef = ACC7D8912AF4DA3D00C81217 /* ProfileDetailViewController.swift */; };
/* End PBXBuildFile section */

/* Begin PBXFileReference section */
		ACB2B0222AF1E30900DE649E /* storyboard.app */ = {isa = PBXFileReference; explicitFileType = wrapper.application; includeInIndex = 0; path = storyboard.app; sourceTree = BUILT_PRODUCTS_DIR; };
		ACB2B0252AF1E30900DE649E /* AppDelegate.swift */ = {isa = PBXFileReference; lastKnownFileType = sourcecode.swift; path = AppDelegate.swift; sourceTree = "<group>"; };
		ACB2B0272AF1E30900DE649E /* SceneDelegate.swift */ = {isa = PBXFileReference; lastKnownFileType = sourcecode.swift; path = SceneDelegate.swift; sourceTree = "<group>"; };
		ACB2B0292AF1E30900DE649E /* ViewController.swift */ = {isa = PBXFileReference; lastKnownFileType = sourcecode.swift; path = ViewController.swift; sourceTree = "<group>"; };
		ACB2B02C2AF1E30900DE649E /* Base */ = {isa = PBXFileReference; lastKnownFileType = file.storyboard; name = Base; path = Base.lproj/Main.storyboard; sourceTree = "<group>"; };
		ACB2B02E2AF1E30B00DE649E /* Assets.xcassets */ = {isa = PBXFileReference; lastKnownFileType = folder.assetcatalog; path = Assets.xcassets; sourceTree = "<group>"; };
		ACB2B0312AF1E30B00DE649E /* Base */ = {isa = PBXFileReference; lastKnownFileType = file.storyboard; name = Base; path = Base.lproj/LaunchScreen.storyboard; sourceTree = "<group>"; };
		ACB2B0332AF1E30B00DE649E /* Info.plist */ = {isa = PBXFileReference; lastKnownFileType = text.plist.xml; path = Info.plist; sourceTree = "<group>"; };
		ACB2B03B2AF23B5E00DE649E /* MyTableViewController.swift */ = {isa = PBXFileReference; lastKnownFileType = sourcecode.swift; path = MyTableViewController.swift; sourceTree = "<group>"; };
		ACB2B03D2AF23FF600DE649E /* DelegateViewController.swift */ = {isa = PBXFileReference; lastKnownFileType = sourcecode.swift; path = DelegateViewController.swift; sourceTree = "<group>"; };
		ACC7D8882AF4B17C00C81217 /* orangeViewController.swift */ = {isa = PBXFileReference; lastKnownFileType = sourcecode.swift; path = orangeViewController.swift; sourceTree = "<group>"; };
		ACC7D88A2AF4B1BF00C81217 /* GgreenViewController.swift */ = {isa = PBXFileReference; lastKnownFileType = sourcecode.swift; path = GgreenViewController.swift; sourceTree = "<group>"; };
		ACC7D88C2AF4BB4400C81217 /* EleViewController.swift */ = {isa = PBXFileReference; lastKnownFileType = sourcecode.swift; path = EleViewController.swift; sourceTree = "<group>"; };
		ACC7D88F2AF4D4CA00C81217 /* ProfileViewController.swift */ = {isa = PBXFileReference; lastKnownFileType = sourcecode.swift; path = ProfileViewController.swift; sourceTree = "<group>"; };
		ACC7D8912AF4DA3D00C81217 /* ProfileDetailViewController.swift */ = {isa = PBXFileReference; lastKnownFileType = sourcecode.swift; path = ProfileDetailViewController.swift; sourceTree = "<group>"; };
/* End PBXFileReference section */

/* Begin PBXFrameworksBuildPhase section */
		ACB2B01F2AF1E30900DE649E /* Frameworks */ = {
			isa = PBXFrameworksBuildPhase;
			buildActionMask = 2147483647;
			files = (
			);
			runOnlyForDeploymentPostprocessing = 0;
		};
/* End PBXFrameworksBuildPhase section */

/* Begin PBXGroup section */
		ACB2B0192AF1E30900DE649E = {
			isa = PBXGroup;
			children = (
				ACB2B0242AF1E30900DE649E /* storyboard */,
				ACB2B0232AF1E30900DE649E /* Products */,
			);
			sourceTree = "<group>";
		};
		ACB2B0232AF1E30900DE649E /* Products */ = {
			isa = PBXGroup;
			children = (
				ACB2B0222AF1E30900DE649E /* storyboard.app */,
			);
			name = Products;
			sourceTree = "<group>";
		};
		ACB2B0242AF1E30900DE649E /* storyboard */ = {
			isa = PBXGroup;
			children = (
				ACC7D88E2AF4C23700C81217 /* simpleApp */,
				ACB2B0252AF1E30900DE649E /* AppDelegate.swift */,
				ACB2B0272AF1E30900DE649E /* SceneDelegate.swift */,
				ACB2B0292AF1E30900DE649E /* ViewController.swift */,
				ACB2B02B2AF1E30900DE649E /* Main.storyboard */,
				ACB2B02E2AF1E30B00DE649E /* Assets.xcassets */,
				ACB2B0302AF1E30B00DE649E /* LaunchScreen.storyboard */,
				ACB2B0332AF1E30B00DE649E /* Info.plist */,
				ACB2B03B2AF23B5E00DE649E /* MyTableViewController.swift */,
				ACB2B03D2AF23FF600DE649E /* DelegateViewController.swift */,
				ACC7D8882AF4B17C00C81217 /* orangeViewController.swift */,
				ACC7D88A2AF4B1BF00C81217 /* GgreenViewController.swift */,
				ACC7D88C2AF4BB4400C81217 /* EleViewController.swift */,
			);
			path = storyboard;
			sourceTree = "<group>";
		};
		ACC7D88E2AF4C23700C81217 /* simpleApp */ = {
			isa = PBXGroup;
			children = (
				ACC7D88F2AF4D4CA00C81217 /* ProfileViewController.swift */,
				ACC7D8912AF4DA3D00C81217 /* ProfileDetailViewController.swift */,
			);
			path = simpleApp;
			sourceTree = "<group>";
		};
/* End PBXGroup section */

/* Begin PBXNativeTarget section */
		ACB2B0212AF1E30900DE649E /* storyboard */ = {
			isa = PBXNativeTarget;
			buildConfigurationList = ACB2B0362AF1E30B00DE649E /* Build configuration list for PBXNativeTarget "storyboard" */;
			buildPhases = (
				ACB2B01E2AF1E30900DE649E /* Sources */,
				ACB2B01F2AF1E30900DE649E /* Frameworks */,
				ACB2B0202AF1E30900DE649E /* Resources */,
			);
			buildRules = (
			);
			dependencies = (
			);
			name = storyboard;
			productName = storyboard;
			productReference = ACB2B0222AF1E30900DE649E /* storyboard.app */;
			productType = "com.apple.product-type.application";
		};
/* End PBXNativeTarget section */

/* Begin PBXProject section */
		ACB2B01A2AF1E30900DE649E /* Project object */ = {
			isa = PBXProject;
			attributes = {
				BuildIndependentTargetsInParallel = 1;
				LastSwiftUpdateCheck = 1500;
				LastUpgradeCheck = 1500;
				TargetAttributes = {
					ACB2B0212AF1E30900DE649E = {
						CreatedOnToolsVersion = 15.0.1;
					};
				};
			};
			buildConfigurationList = ACB2B01D2AF1E30900DE649E /* Build configuration list for PBXProject "storyboard" */;
			compatibilityVersion = "Xcode 14.0";
			developmentRegion = en;
			hasScannedForEncodings = 0;
			knownRegions = (
				en,
				Base,
			);
			mainGroup = ACB2B0192AF1E30900DE649E;
			productRefGroup = ACB2B0232AF1E30900DE649E /* Products */;
			projectDirPath = "";
			projectRoot = "";
			targets = (
				ACB2B0212AF1E30900DE649E /* storyboard */,
			);
		};
/* End PBXProject section */

/* Begin PBXResourcesBuildPhase section */
		ACB2B0202AF1E30900DE649E /* Resources */ = {
			isa = PBXResourcesBuildPhase;
			buildActionMask = 2147483647;
			files = (
				ACB2B0322AF1E30B00DE649E /* LaunchScreen.storyboard in Resources */,
				ACB2B02F2AF1E30B00DE649E /* Assets.xcassets in Resources */,
				ACB2B02D2AF1E30900DE649E /* Main.storyboard in Resources */,
			);
			runOnlyForDeploymentPostprocessing = 0;
		};
/* End PBXResourcesBuildPhase section */

/* Begin PBXSourcesBuildPhase section */
		ACB2B01E2AF1E30900DE649E /* Sources */ = {
			isa = PBXSourcesBuildPhase;
			buildActionMask = 2147483647;
			files = (
				ACB2B03E2AF23FF600DE649E /* DelegateViewController.swift in Sources */,
				ACB2B02A2AF1E30900DE649E /* ViewController.swift in Sources */,
				ACB2B0262AF1E30900DE649E /* AppDelegate.swift in Sources */,
				ACB2B0282AF1E30900DE649E /* SceneDelegate.swift in Sources */,
				ACC7D8892AF4B17C00C81217 /* orangeViewController.swift in Sources */,
				ACC7D8922AF4DA3D00C81217 /* ProfileDetailViewController.swift in Sources */,
				ACB2B03C2AF23B5E00DE649E /* MyTableViewController.swift in Sources */,
				ACC7D8902AF4D4CA00C81217 /* ProfileViewController.swift in Sources */,
				ACC7D88B2AF4B1BF00C81217 /* GgreenViewController.swift in Sources */,
				ACC7D88D2AF4BB4400C81217 /* EleViewController.swift in Sources */,
			);
			runOnlyForDeploymentPostprocessing = 0;
		};
/* End PBXSourcesBuildPhase section */

/* Begin PBXVariantGroup section */
		ACB2B02B2AF1E30900DE649E /* Main.storyboard */ = {
			isa = PBXVariantGroup;
			children = (
				ACB2B02C2AF1E30900DE649E /* Base */,
			);
			name = Main.storyboard;
			sourceTree = "<group>";
		};
		ACB2B0302AF1E30B00DE649E /* LaunchScreen.storyboard */ = {
			isa = PBXVariantGroup;
			children = (
				ACB2B0312AF1E30B00DE649E /* Base */,
			);
			name = LaunchScreen.storyboard;
			sourceTree = "<group>";
		};
/* End PBXVariantGroup section */

/* Begin XCBuildConfiguration section */
		ACB2B0342AF1E30B00DE649E /* Debug */ = {
			isa = XCBuildConfiguration;
			buildSettings = {
				ALWAYS_SEARCH_USER_PATHS = NO;
				ASSETCATALOG_COMPILER_GENERATE_SWIFT_ASSET_SYMBOL_EXTENSIONS = YES;
				CLANG_ANALYZER_NONNULL = YES;
				CLANG_ANALYZER_NUMBER_OBJECT_CONVERSION = YES_AGGRESSIVE;
				CLANG_CXX_LANGUAGE_STANDARD = "gnu++20";
				CLANG_ENABLE_MODULES = YES;
				CLANG_ENABLE_OBJC_ARC = YES;
				CLANG_ENABLE_OBJC_WEAK = YES;
				CLANG_WARN_BLOCK_CAPTURE_AUTORELEASING = YES;
				CLANG_WARN_BOOL_CONVERSION = YES;
				CLANG_WARN_COMMA = YES;
				CLANG_WARN_CONSTANT_CONVERSION = YES;
				CLANG_WARN_DEPRECATED_OBJC_IMPLEMENTATIONS = YES;
				CLANG_WARN_DIRECT_OBJC_ISA_USAGE = YES_ERROR;
				CLANG_WARN_DOCUMENTATION_COMMENTS = YES;
				CLANG_WARN_EMPTY_BODY = YES;
				CLANG_WARN_ENUM_CONVERSION = YES;
				CLANG_WARN_INFINITE_RECURSION = YES;
				CLANG_WARN_INT_CONVERSION = YES;
				CLANG_WARN_NON_LITERAL_NULL_CONVERSION = YES;
				CLANG_WARN_OBJC_IMPLICIT_RETAIN_SELF = YES;
				CLANG_WARN_OBJC_LITERAL_CONVERSION = YES;
				CLANG_WARN_OBJC_ROOT_CLASS = YES_ERROR;
				CLANG_WARN_QUOTED_INCLUDE_IN_FRAMEWORK_HEADER = YES;
				CLANG_WARN_RANGE_LOOP_ANALYSIS = YES;
				CLANG_WARN_STRICT_PROTOTYPES = YES;
				CLANG_WARN_SUSPICIOUS_MOVE = YES;
				CLANG_WARN_UNGUARDED_AVAILABILITY = YES_AGGRESSIVE;
				CLANG_WARN_UNREACHABLE_CODE = YES;
				CLANG_WARN__DUPLICATE_METHOD_MATCH = YES;
				COPY_PHASE_STRIP = NO;
				DEBUG_INFORMATION_FORMAT = dwarf;
				ENABLE_STRICT_OBJC_MSGSEND = YES;
				ENABLE_TESTABILITY = YES;
				ENABLE_USER_SCRIPT_SANDBOXING = YES;
				GCC_C_LANGUAGE_STANDARD = gnu17;
				GCC_DYNAMIC_NO_PIC = NO;
				GCC_NO_COMMON_BLOCKS = YES;
				GCC_OPTIMIZATION_LEVEL = 0;
				GCC_PREPROCESSOR_DEFINITIONS = (
					"DEBUG=1",
					"$(inherited)",
				);
				GCC_WARN_64_TO_32_BIT_CONVERSION = YES;
				GCC_WARN_ABOUT_RETURN_TYPE = YES_ERROR;
				GCC_WARN_UNDECLARED_SELECTOR = YES;
				GCC_WARN_UNINITIALIZED_AUTOS = YES_AGGRESSIVE;
				GCC_WARN_UNUSED_FUNCTION = YES;
				GCC_WARN_UNUSED_VARIABLE = YES;
				IPHONEOS_DEPLOYMENT_TARGET = 17.0;
				LOCALIZATION_PREFERS_STRING_CATALOGS = YES;
				MTL_ENABLE_DEBUG_INFO = INCLUDE_SOURCE;
				MTL_FAST_MATH = YES;
				ONLY_ACTIVE_ARCH = YES;
				SDKROOT = iphoneos;
				SWIFT_ACTIVE_COMPILATION_CONDITIONS = "DEBUG $(inherited)";
				SWIFT_OPTIMIZATION_LEVEL = "-Onone";
			};
			name = Debug;
		};
		ACB2B0352AF1E30B00DE649E /* Release */ = {
			isa = XCBuildConfiguration;
			buildSettings = {
				ALWAYS_SEARCH_USER_PATHS = NO;
				ASSETCATALOG_COMPILER_GENERATE_SWIFT_ASSET_SYMBOL_EXTENSIONS = YES;
				CLANG_ANALYZER_NONNULL = YES;
				CLANG_ANALYZER_NUMBER_OBJECT_CONVERSION = YES_AGGRESSIVE;
				CLANG_CXX_LANGUAGE_STANDARD = "gnu++20";
				CLANG_ENABLE_MODULES = YES;
				CLANG_ENABLE_OBJC_ARC = YES;
				CLANG_ENABLE_OBJC_WEAK = YES;
				CLANG_WARN_BLOCK_CAPTURE_AUTORELEASING = YES;
				CLANG_WARN_BOOL_CONVERSION = YES;
				CLANG_WARN_COMMA = YES;
				CLANG_WARN_CONSTANT_CONVERSION = YES;
				CLANG_WARN_DEPRECATED_OBJC_IMPLEMENTATIONS = YES;
				CLANG_WARN_DIRECT_OBJC_ISA_USAGE = YES_ERROR;
				CLANG_WARN_DOCUMENTATION_COMMENTS = YES;
				CLANG_WARN_EMPTY_BODY = YES;
				CLANG_WARN_ENUM_CONVERSION = YES;
				CLANG_WARN_INFINITE_RECURSION = YES;
				CLANG_WARN_INT_CONVERSION = YES;
				CLANG_WARN_NON_LITERAL_NULL_CONVERSION = YES;
				CLANG_WARN_OBJC_IMPLICIT_RETAIN_SELF = YES;
				CLANG_WARN_OBJC_LITERAL_CONVERSION = YES;
				CLANG_WARN_OBJC_ROOT_CLASS = YES_ERROR;
				CLANG_WARN_QUOTED_INCLUDE_IN_FRAMEWORK_HEADER = YES;
				CLANG_WARN_RANGE_LOOP_ANALYSIS = YES;
				CLANG_WARN_STRICT_PROTOTYPES = YES;
				CLANG_WARN_SUSPICIOUS_MOVE = YES;
				CLANG_WARN_UNGUARDED_AVAILABILITY = YES_AGGRESSIVE;
				CLANG_WARN_UNREACHABLE_CODE = YES;
				CLANG_WARN__DUPLICATE_METHOD_MATCH = YES;
				COPY_PHASE_STRIP = NO;
				DEBUG_INFORMATION_FORMAT = "dwarf-with-dsym";
				ENABLE_NS_ASSERTIONS = NO;
				ENABLE_STRICT_OBJC_MSGSEND = YES;
				ENABLE_USER_SCRIPT_SANDBOXING = YES;
				GCC_C_LANGUAGE_STANDARD = gnu17;
				GCC_NO_COMMON_BLOCKS = YES;
				GCC_WARN_64_TO_32_BIT_CONVERSION = YES;
				GCC_WARN_ABOUT_RETURN_TYPE = YES_ERROR;
				GCC_WARN_UNDECLARED_SELECTOR = YES;
				GCC_WARN_UNINITIALIZED_AUTOS = YES_AGGRESSIVE;
				GCC_WARN_UNUSED_FUNCTION = YES;
				GCC_WARN_UNUSED_VARIABLE = YES;
				IPHONEOS_DEPLOYMENT_TARGET = 17.0;
				LOCALIZATION_PREFERS_STRING_CATALOGS = YES;
				MTL_ENABLE_DEBUG_INFO = NO;
				MTL_FAST_MATH = YES;
				SDKROOT = iphoneos;
				SWIFT_COMPILATION_MODE = wholemodule;
				VALIDATE_PRODUCT = YES;
			};
			name = Release;
		};
		ACB2B0372AF1E30B00DE649E /* Debug */ = {
			isa = XCBuildConfiguration;
			buildSettings = {
				ASSETCATALOG_COMPILER_APPICON_NAME = AppIcon;
				ASSETCATALOG_COMPILER_GLOBAL_ACCENT_COLOR_NAME = AccentColor;
				CODE_SIGN_STYLE = Automatic;
				CURRENT_PROJECT_VERSION = 1;
				GENERATE_INFOPLIST_FILE = YES;
				INFOPLIST_FILE = storyboard/Info.plist;
				INFOPLIST_KEY_UIApplicationSupportsIndirectInputEvents = YES;
				INFOPLIST_KEY_UILaunchStoryboardName = LaunchScreen;
				INFOPLIST_KEY_UIMainStoryboardFile = Main;
				INFOPLIST_KEY_UISupportedInterfaceOrientations_iPad = "UIInterfaceOrientationPortrait UIInterfaceOrientationPortraitUpsideDown UIInterfaceOrientationLandscapeLeft UIInterfaceOrientationLandscapeRight";
				INFOPLIST_KEY_UISupportedInterfaceOrientations_iPhone = "UIInterfaceOrientationPortrait UIInterfaceOrientationLandscapeLeft UIInterfaceOrientationLandscapeRight";
				LD_RUNPATH_SEARCH_PATHS = (
					"$(inherited)",
					"@executable_path/Frameworks",
				);
				MARKETING_VERSION = 1.0;
				PRODUCT_BUNDLE_IDENTIFIER = com.lee.storyboard;
				PRODUCT_NAME = "$(TARGET_NAME)";
				SWIFT_EMIT_LOC_STRINGS = YES;
				SWIFT_VERSION = 5.0;
				TARGETED_DEVICE_FAMILY = "1,2";
			};
			name = Debug;
		};
		ACB2B0382AF1E30B00DE649E /* Release */ = {
			isa = XCBuildConfiguration;
			buildSettings = {
				ASSETCATALOG_COMPILER_APPICON_NAME = AppIcon;
				ASSETCATALOG_COMPILER_GLOBAL_ACCENT_COLOR_NAME = AccentColor;
				CODE_SIGN_STYLE = Automatic;
				CURRENT_PROJECT_VERSION = 1;
				GENERATE_INFOPLIST_FILE = YES;
				INFOPLIST_FILE = storyboard/Info.plist;
				INFOPLIST_KEY_UIApplicationSupportsIndirectInputEvents = YES;
				INFOPLIST_KEY_UILaunchStoryboardName = LaunchScreen;
				INFOPLIST_KEY_UIMainStoryboardFile = Main;
				INFOPLIST_KEY_UISupportedInterfaceOrientations_iPad = "UIInterfaceOrientationPortrait UIInterfaceOrientationPortraitUpsideDown UIInterfaceOrientationLandscapeLeft UIInterfaceOrientationLandscapeRight";
				INFOPLIST_KEY_UISupportedInterfaceOrientations_iPhone = "UIInterfaceOrientationPortrait UIInterfaceOrientationLandscapeLeft UIInterfaceOrientationLandscapeRight";
				LD_RUNPATH_SEARCH_PATHS = (
					"$(inherited)",
					"@executable_path/Frameworks",
				);
				MARKETING_VERSION = 1.0;
				PRODUCT_BUNDLE_IDENTIFIER = com.lee.storyboard;
				PRODUCT_NAME = "$(TARGET_NAME)";
				SWIFT_EMIT_LOC_STRINGS = YES;
				SWIFT_VERSION = 5.0;
				TARGETED_DEVICE_FAMILY = "1,2";
			};
			name = Release;
		};
/* End XCBuildConfiguration section */

/* Begin XCConfigurationList section */
		ACB2B01D2AF1E30900DE649E /* Build configuration list for PBXProject "storyboard" */ = {
			isa = XCConfigurationList;
			buildConfigurations = (
				ACB2B0342AF1E30B00DE649E /* Debug */,
				ACB2B0352AF1E30B00DE649E /* Release */,
			);
			defaultConfigurationIsVisible = 0;
			defaultConfigurationName = Release;
		};
		ACB2B0362AF1E30B00DE649E /* Build configuration list for PBXNativeTarget "storyboard" */ = {
			isa = XCConfigurationList;
			buildConfigurations = (
				ACB2B0372AF1E30B00DE649E /* Debug */,
				ACB2B0382AF1E30B00DE649E /* Release */,
			);
			defaultConfigurationIsVisible = 0;
			defaultConfigurationName = Release;
		};
/* End XCConfigurationList section */
	};
	rootObject = ACB2B01A2AF1E30900DE649E /* Project object */;
}
